dependencies:
- name: kubescape-alert-crd
  repository: file://../dependency_chart/clustered-crds
  version: 0.0.2
- name: kubescape-alert-crd-ns
  repository: file://../dependency_chart/namespaced-crds
  version: 0.0.2
digest: sha256:f7304bea37c3c89deab57f54fdd31bad67929137b2d782efe1dbfa29c5d163f4
generated: "2026-02-25T13:34:10.1729696Z"
