dependencies:
- name: rook-ceph
  repository: https://charts.rook.io/release
  version: v1.19.2
- name: rook-ceph-cluster
  repository: https://charts.rook.io/release
  version: v1.19.2
digest: sha256:aa5f98a84926a7564a40342bd1b25d782125147cee75b9a8b2d885c50c407e51
generated: "2026-03-02T12:41:12.63689107+05:30"
