dependencies:
- name: rook-ceph
  repository: https://charts.rook.io/release
  version: v1.18.4
- name: rook-ceph-cluster
  repository: https://charts.rook.io/release
  version: v1.18.5
digest: sha256:6df84c014ef2fd37d869346de567627fe61aa26537b94bf0aa006eafb86162b0
generated: "2025-10-27T15:00:05.657993116+05:30"
