dependencies:
- name: rook-ceph
  repository: https://charts.rook.io/release
  version: v1.19.3
- name: rook-ceph-cluster
  repository: https://charts.rook.io/release
  version: v1.19.3
digest: sha256:f485e0ac0fe7a70972491078f37b8be4aff2c6dfa7346bdb18d296f1dbd15b1e
generated: "2026-04-09T11:07:07.401030655+05:30"
