dependencies:
- name: whoami
  repository: https://cowboysysop.github.io/charts/
  version: 6.0.0
- name: kubeaid-addons
  repository: file://../kubeaid-addons
  version: 0.1.0
digest: sha256:156c2c8f082c62fbde311524c665b8f3da4731e02c0794a968ab50e4cab8041b
generated: "2026-03-24T07:17:03.807721426+05:30"
