dependencies:
- name: step-issuer
  repository: https://smallstep.github.io/helm-charts
  version: 1.10.1
- name: step-certificates
  repository: https://smallstep.github.io/helm-charts
  version: 1.30.0
- name: autocert
  repository: https://smallstep.github.io/helm-charts
  version: 1.20.6
- name: trust-manager
  repository: https://charts.jetstack.io
  version: v0.22.0
digest: sha256:3170aacbd7701fa9403d5b6e5fd2a8848f909d6a52561e732b6ddd0908442855
generated: "2026-03-23T12:34:59.656360846+05:30"
