dependencies:
- name: opentelemetry-operator
  repository: https://open-telemetry.github.io/opentelemetry-helm-charts
  version: 0.109.0
- name: opentelemetry-collector
  repository: https://open-telemetry.github.io/opentelemetry-helm-charts
  version: 0.148.0
digest: sha256:d7c47eaf8eedbb98c8c05e486323ca9a6f9373452e522c260c90d18fbdb41be9
generated: "2026-04-09T11:04:00.711718698+05:30"
